
Microsoft Visual Studio Solution File, Format Version 12.00
# Visual Studio Version 16
VisualStudioVersion = 16.0.30907.101
MinimumVisualStudioVersion = 10.0.40219.1
Project("{8BC9CEB8-8B4A-11D0-8D11-00A0C91BC942}") = "LiveStreamCam", "LiveStreamCam\LiveStreamCam.vcxproj", "{5CA92B36-B550-4601-AAD5-9B492876861F}"
EndProject
Global
	GlobalSection(SolutionConfigurationPlatforms) = preSolution
		Debug|x64 = Debug|x64
		Release|x64 = Release|x64
	EndGlobalSection
	GlobalSection(ProjectConfigurationPlatforms) = postSolution
		{5CA92B36-B550-4601-AAD5-9B492876861F}.Debug|x64.ActiveCfg = Debug|x64
		{5CA92B36-B550-4601-AAD5-9B492876861F}.Debug|x64.Build.0 = Debug|x64
		{5CA92B36-B550-4601-AAD5-9B492876861F}.Release|x64.ActiveCfg = Release|x64
		{5CA92B36-B550-4601-AAD5-9B492876861F}.Release|x64.Build.0 = Release|x64
	EndGlobalSection
	GlobalSection(SolutionProperties) = preSolution
		HideSolutionNode = FALSE
	EndGlobalSection
	GlobalSection(ExtensibilityGlobals) = postSolution
		SolutionGuid = {89CA1FAC-F069-43AB-84E4-A772356AA969}
	EndGlobalSection
EndGlobal
